// !$*UTF8*$!
{
	archiveVersion = 1;
	classes = {
	};
	objectVersion = 55;
	objects = {

/* Begin PBXBuildFile section */
		1BCD2E26F6732139F4C7B446 /* Pods_ModuleAAppTests.framework in Frameworks */ = {isa = PBXBuildFile; fileRef = 3B62BA1E3D706C11A0D246C2 /* Pods_ModuleAAppTests.framework */; };
		6329AE2BD8400C9FAE05D661 /* Pods_ModuleA_ModuleAApp.framework in Frameworks */ = {isa = PBXBuildFile; fileRef = 0BEF7BEB026F4F2FD3F20B42 /* Pods_ModuleA_ModuleAApp.framework */; };
		86E819C0E3E03FA012F8F493 /* Pods_ModuleA.framework in Frameworks */ = {isa = PBXBuildFile; fileRef = 939015E7AA71A2B6C3C31EF0 /* Pods_ModuleA.framework */; };
		E507B4566672820398A384A5 /* Pods_ModuleA_ModuleAApp_ModuleAAppUITests.framework in Frameworks */ = {isa = PBXBuildFile; fileRef = 4A752FD84AED8A52E0B18979 /* Pods_ModuleA_ModuleAApp_ModuleAAppUITests.framework */; };
		F798EA0B28FD663800E85C87 /* ModuleA.framework in Frameworks */ = {isa = PBXBuildFile; fileRef = F798EA0228FD663800E85C87 /* ModuleA.framework */; };
		F798EA1028FD663800E85C87 /* ModuleATests.swift in Sources */ = {isa = PBXBuildFile; fileRef = F798EA0F28FD663800E85C87 /* ModuleATests.swift */; };
		F798EA1128FD663800E85C87 /* ModuleA.h in Headers */ = {isa = PBXBuildFile; fileRef = F798EA0528FD663800E85C87 /* ModuleA.h */; settings = {ATTRIBUTES = (Public, ); }; };
		F798EA1C28FD665300E85C87 /* AViewController.swift in Sources */ = {isa = PBXBuildFile; fileRef = F798EA1A28FD665300E85C87 /* AViewController.swift */; };
		F798EA1D28FD665300E85C87 /* AViewController.xib in Resources */ = {isa = PBXBuildFile; fileRef = F798EA1B28FD665300E85C87 /* AViewController.xib */; };
		F798EA2928FD668600E85C87 /* AppDelegate.swift in Sources */ = {isa = PBXBuildFile; fileRef = F798EA2828FD668600E85C87 /* AppDelegate.swift */; };
		F798EA3228FD668700E85C87 /* Assets.xcassets in Resources */ = {isa = PBXBuildFile; fileRef = F798EA3128FD668700E85C87 /* Assets.xcassets */; };
		F798EA3528FD668700E85C87 /* LaunchScreen.storyboard in Resources */ = {isa = PBXBuildFile; fileRef = F798EA3328FD668700E85C87 /* LaunchScreen.storyboard */; };
		F798EA4028FD668700E85C87 /* ModuleAAppTests.swift in Sources */ = {isa = PBXBuildFile; fileRef = F798EA3F28FD668700E85C87 /* ModuleAAppTests.swift */; };
		F798EA4A28FD668700E85C87 /* ModuleAAppUITests.swift in Sources */ = {isa = PBXBuildFile; fileRef = F798EA4928FD668700E85C87 /* ModuleAAppUITests.swift */; };
		F798EA4C28FD668700E85C87 /* ModuleAAppUITestsLaunchTests.swift in Sources */ = {isa = PBXBuildFile; fileRef = F798EA4B28FD668700E85C87 /* ModuleAAppUITestsLaunchTests.swift */; };
		F798EAC028FD6AF800E85C87 /* ModuleA.storyboard in Resources */ = {isa = PBXBuildFile; fileRef = F798EABF28FD6AF800E85C87 /* ModuleA.storyboard */; };
/* End PBXBuildFile section */

/* Begin PBXContainerItemProxy section */
		F798EA0C28FD663800E85C87 /* PBXContainerItemProxy */ = {
			isa = PBXContainerItemProxy;
			containerPortal = F798E9F928FD663800E85C87 /* Project object */;
			proxyType = 1;
			remoteGlobalIDString = F798EA0128FD663800E85C87;
			remoteInfo = ModuleA;
		};
		F798EA3C28FD668700E85C87 /* PBXContainerItemProxy */ = {
			isa = PBXContainerItemProxy;
			containerPortal = F798E9F928FD663800E85C87 /* Project object */;
			proxyType = 1;
			remoteGlobalIDString = F798EA2528FD668600E85C87;
			remoteInfo = ModuleAApp;
		};
		F798EA4628FD668700E85C87 /* PBXContainerItemProxy */ = {
			isa = PBXContainerItemProxy;
			containerPortal = F798E9F928FD663800E85C87 /* Project object */;
			proxyType = 1;
			remoteGlobalIDString = F798EA2528FD668600E85C87;
			remoteInfo = ModuleAApp;
		};
/* End PBXContainerItemProxy section */

/* Begin PBXFileReference section */
		06B4BA1567AB4C95B2633A28 /* Pods-ModuleAAppTests.debug.xcconfig */ = {isa = PBXFileReference; includeInIndex = 1; lastKnownFileType = text.xcconfig; name = "Pods-ModuleAAppTests.debug.xcconfig"; path = "Target Support Files/Pods-ModuleAAppTests/Pods-ModuleAAppTests.debug.xcconfig"; sourceTree = "<group>"; };
		0BEF7BEB026F4F2FD3F20B42 /* Pods_ModuleA_ModuleAApp.framework */ = {isa = PBXFileReference; explicitFileType = wrapper.framework; includeInIndex = 0; path = Pods_ModuleA_ModuleAApp.framework; sourceTree = BUILT_PRODUCTS_DIR; };
		18C9D8110F58AC6CB6A52ACE /* Pods-ModuleAAppTests.release.xcconfig */ = {isa = PBXFileReference; includeInIndex = 1; lastKnownFileType = text.xcconfig; name = "Pods-ModuleAAppTests.release.xcconfig"; path = "Target Support Files/Pods-ModuleAAppTests/Pods-ModuleAAppTests.release.xcconfig"; sourceTree = "<group>"; };
		3B62BA1E3D706C11A0D246C2 /* Pods_ModuleAAppTests.framework */ = {isa = PBXFileReference; explicitFileType = wrapper.framework; includeInIndex = 0; path = Pods_ModuleAAppTests.framework; sourceTree = BUILT_PRODUCTS_DIR; };
		3E4295B2A32CC1488A391FBD /* Pods-ModuleA.debug.xcconfig */ = {isa = PBXFileReference; includeInIndex = 1; lastKnownFileType = text.xcconfig; name = "Pods-ModuleA.debug.xcconfig"; path = "Target Support Files/Pods-ModuleA/Pods-ModuleA.debug.xcconfig"; sourceTree = "<group>"; };
		4A752FD84AED8A52E0B18979 /* Pods_ModuleA_ModuleAApp_ModuleAAppUITests.framework */ = {isa = PBXFileReference; explicitFileType = wrapper.framework; includeInIndex = 0; path = Pods_ModuleA_ModuleAApp_ModuleAAppUITests.framework; sourceTree = BUILT_PRODUCTS_DIR; };
		5A1CE42B9123B12E5D782DD9 /* Pods-ModuleA-ModuleAApp-ModuleAAppUITests.debug.xcconfig */ = {isa = PBXFileReference; includeInIndex = 1; lastKnownFileType = text.xcconfig; name = "Pods-ModuleA-ModuleAApp-ModuleAAppUITests.debug.xcconfig"; path = "Target Support Files/Pods-ModuleA-ModuleAApp-ModuleAAppUITests/Pods-ModuleA-ModuleAApp-ModuleAAppUITests.debug.xcconfig"; sourceTree = "<group>"; };
		6E79F756DFF695524994B851 /* Pods-ModuleA-ModuleAApp.debug.xcconfig */ = {isa = PBXFileReference; includeInIndex = 1; lastKnownFileType = text.xcconfig; name = "Pods-ModuleA-ModuleAApp.debug.xcconfig"; path = "Target Support Files/Pods-ModuleA-ModuleAApp/Pods-ModuleA-ModuleAApp.debug.xcconfig"; sourceTree = "<group>"; };
		939015E7AA71A2B6C3C31EF0 /* Pods_ModuleA.framework */ = {isa = PBXFileReference; explicitFileType = wrapper.framework; includeInIndex = 0; path = Pods_ModuleA.framework; sourceTree = BUILT_PRODUCTS_DIR; };
		B3CBA2A2EC0D340AD2A83802 /* Pods-ModuleA.release.xcconfig */ = {isa = PBXFileReference; includeInIndex = 1; lastKnownFileType = text.xcconfig; name = "Pods-ModuleA.release.xcconfig"; path = "Target Support Files/Pods-ModuleA/Pods-ModuleA.release.xcconfig"; sourceTree = "<group>"; };
		C6BB3172095C69D89AD95B0E /* Pods-ModuleA-ModuleAApp.release.xcconfig */ = {isa = PBXFileReference; includeInIndex = 1; lastKnownFileType = text.xcconfig; name = "Pods-ModuleA-ModuleAApp.release.xcconfig"; path = "Target Support Files/Pods-ModuleA-ModuleAApp/Pods-ModuleA-ModuleAApp.release.xcconfig"; sourceTree = "<group>"; };
		E73B109FFE80073CF3F3390C /* Pods-ModuleA-ModuleAApp-ModuleAAppUITests.release.xcconfig */ = {isa = PBXFileReference; includeInIndex = 1; lastKnownFileType = text.xcconfig; name = "Pods-ModuleA-ModuleAApp-ModuleAAppUITests.release.xcconfig"; path = "Target Support Files/Pods-ModuleA-ModuleAApp-ModuleAAppUITests/Pods-ModuleA-ModuleAApp-ModuleAAppUITests.release.xcconfig"; sourceTree = "<group>"; };
		F798EA0228FD663800E85C87 /* ModuleA.framework */ = {isa = PBXFileReference; explicitFileType = wrapper.framework; includeInIndex = 0; path = ModuleA.framework; sourceTree = BUILT_PRODUCTS_DIR; };
		F798EA0528FD663800E85C87 /* ModuleA.h */ = {isa = PBXFileReference; lastKnownFileType = sourcecode.c.h; path = ModuleA.h; sourceTree = "<group>"; };
		F798EA0A28FD663800E85C87 /* ModuleATests.xctest */ = {isa = PBXFileReference; explicitFileType = wrapper.cfbundle; includeInIndex = 0; path = ModuleATests.xctest; sourceTree = BUILT_PRODUCTS_DIR; };
		F798EA0F28FD663800E85C87 /* ModuleATests.swift */ = {isa = PBXFileReference; lastKnownFileType = sourcecode.swift; path = ModuleATests.swift; sourceTree = "<group>"; };
		F798EA1A28FD665300E85C87 /* AViewController.swift */ = {isa = PBXFileReference; lastKnownFileType = sourcecode.swift; path = AViewController.swift; sourceTree = "<group>"; };
		F798EA1B28FD665300E85C87 /* AViewController.xib */ = {isa = PBXFileReference; lastKnownFileType = file.xib; path = AViewController.xib; sourceTree = "<group>"; };
		F798EA2628FD668600E85C87 /* ModuleAApp.app */ = {isa = PBXFileReference; explicitFileType = wrapper.application; includeInIndex = 0; path = ModuleAApp.app; sourceTree = BUILT_PRODUCTS_DIR; };
		F798EA2828FD668600E85C87 /* AppDelegate.swift */ = {isa = PBXFileReference; lastKnownFileType = sourcecode.swift; path = AppDelegate.swift; sourceTree = "<group>"; };
		F798EA3128FD668700E85C87 /* Assets.xcassets */ = {isa = PBXFileReference; lastKnownFileType = folder.assetcatalog; path = Assets.xcassets; sourceTree = "<group>"; };
		F798EA3428FD668700E85C87 /* Base */ = {isa = PBXFileReference; lastKnownFileType = file.storyboard; name = Base; path = Base.lproj/LaunchScreen.storyboard; sourceTree = "<group>"; };
		F798EA3628FD668700E85C87 /* Info.plist */ = {isa = PBXFileReference; lastKnownFileType = text.plist.xml; path = Info.plist; sourceTree = "<group>"; };
		F798EA3B28FD668700E85C87 /* ModuleAAppTests.xctest */ = {isa = PBXFileReference; explicitFileType = wrapper.cfbundle; includeInIndex = 0; path = ModuleAAppTests.xctest; sourceTree = BUILT_PRODUCTS_DIR; };
		F798EA3F28FD668700E85C87 /* ModuleAAppTests.swift */ = {isa = PBXFileReference; lastKnownFileType = sourcecode.swift; path = ModuleAAppTests.swift; sourceTree = "<group>"; };
		F798EA4528FD668700E85C87 /* ModuleAAppUITests.xctest */ = {isa = PBXFileReference; explicitFileType = wrapper.cfbundle; includeInIndex = 0; path = ModuleAAppUITests.xctest; sourceTree = BUILT_PRODUCTS_DIR; };
		F798EA4928FD668700E85C87 /* ModuleAAppUITests.swift */ = {isa = PBXFileReference; lastKnownFileType = sourcecode.swift; path = ModuleAAppUITests.swift; sourceTree = "<group>"; };
		F798EA4B28FD668700E85C87 /* ModuleAAppUITestsLaunchTests.swift */ = {isa = PBXFileReference; lastKnownFileType = sourcecode.swift; path = ModuleAAppUITestsLaunchTests.swift; sourceTree = "<group>"; };
		F798EABF28FD6AF800E85C87 /* ModuleA.storyboard */ = {isa = PBXFileReference; lastKnownFileType = file.storyboard; path = ModuleA.storyboard; sourceTree = "<group>"; };
/* End PBXFileReference section */

/* Begin PBXFrameworksBuildPhase section */
		F798E9FF28FD663800E85C87 /* Frameworks */ = {
			isa = PBXFrameworksBuildPhase;
			buildActionMask = 2147483647;
			files = (
				86E819C0E3E03FA012F8F493 /* Pods_ModuleA.framework in Frameworks */,
			);
			runOnlyForDeploymentPostprocessing = 0;
		};
		F798EA0728FD663800E85C87 /* Frameworks */ = {
			isa = PBXFrameworksBuildPhase;
			buildActionMask = 2147483647;
			files = (
				F798EA0B28FD663800E85C87 /* ModuleA.framework in Frameworks */,
			);
			runOnlyForDeploymentPostprocessing = 0;
		};
		F798EA2328FD668600E85C87 /* Frameworks */ = {
			isa = PBXFrameworksBuildPhase;
			buildActionMask = 2147483647;
			files = (
				6329AE2BD8400C9FAE05D661 /* Pods_ModuleA_ModuleAApp.framework in Frameworks */,
			);
			runOnlyForDeploymentPostprocessing = 0;
		};
		F798EA3828FD668700E85C87 /* Frameworks */ = {
			isa = PBXFrameworksBuildPhase;
			buildActionMask = 2147483647;
			files = (
				1BCD2E26F6732139F4C7B446 /* Pods_ModuleAAppTests.framework in Frameworks */,
			);
			runOnlyForDeploymentPostprocessing = 0;
		};
		F798EA4228FD668700E85C87 /* Frameworks */ = {
			isa = PBXFrameworksBuildPhase;
			buildActionMask = 2147483647;
			files = (
				E507B4566672820398A384A5 /* Pods_ModuleA_ModuleAApp_ModuleAAppUITests.framework in Frameworks */,
			);
			runOnlyForDeploymentPostprocessing = 0;
		};
/* End PBXFrameworksBuildPhase section */

/* Begin PBXGroup section */
		CB7E8FC0E36B0EA3FE6A1D3C /* Pods */ = {
			isa = PBXGroup;
			children = (
				3E4295B2A32CC1488A391FBD /* Pods-ModuleA.debug.xcconfig */,
				B3CBA2A2EC0D340AD2A83802 /* Pods-ModuleA.release.xcconfig */,
				6E79F756DFF695524994B851 /* Pods-ModuleA-ModuleAApp.debug.xcconfig */,
				C6BB3172095C69D89AD95B0E /* Pods-ModuleA-ModuleAApp.release.xcconfig */,
				5A1CE42B9123B12E5D782DD9 /* Pods-ModuleA-ModuleAApp-ModuleAAppUITests.debug.xcconfig */,
				E73B109FFE80073CF3F3390C /* Pods-ModuleA-ModuleAApp-ModuleAAppUITests.release.xcconfig */,
				06B4BA1567AB4C95B2633A28 /* Pods-ModuleAAppTests.debug.xcconfig */,
				18C9D8110F58AC6CB6A52ACE /* Pods-ModuleAAppTests.release.xcconfig */,
			);
			name = Pods;
			path = ../Pods;
			sourceTree = "<group>";
		};
		F798E9F828FD663800E85C87 = {
			isa = PBXGroup;
			children = (
				F798EA0428FD663800E85C87 /* ModuleA */,
				F798EA0E28FD663800E85C87 /* ModuleATests */,
				F798EA2728FD668600E85C87 /* ModuleAApp */,
				F798EA3E28FD668700E85C87 /* ModuleAAppTests */,
				F798EA4828FD668700E85C87 /* ModuleAAppUITests */,
				F798EA0328FD663800E85C87 /* Products */,
				F798EA5628FD66E200E85C87 /* Frameworks */,
				CB7E8FC0E36B0EA3FE6A1D3C /* Pods */,
			);
			sourceTree = "<group>";
		};
		F798EA0328FD663800E85C87 /* Products */ = {
			isa = PBXGroup;
			children = (
				F798EA0228FD663800E85C87 /* ModuleA.framework */,
				F798EA0A28FD663800E85C87 /* ModuleATests.xctest */,
				F798EA2628FD668600E85C87 /* ModuleAApp.app */,
				F798EA3B28FD668700E85C87 /* ModuleAAppTests.xctest */,
				F798EA4528FD668700E85C87 /* ModuleAAppUITests.xctest */,
			);
			name = Products;
			sourceTree = "<group>";
		};
		F798EA0428FD663800E85C87 /* ModuleA */ = {
			isa = PBXGroup;
			children = (
				F798EA0528FD663800E85C87 /* ModuleA.h */,
				F798EA1A28FD665300E85C87 /* AViewController.swift */,
				F798EA1B28FD665300E85C87 /* AViewController.xib */,
				F798EABF28FD6AF800E85C87 /* ModuleA.storyboard */,
			);
			path = ModuleA;
			sourceTree = "<group>";
		};
		F798EA0E28FD663800E85C87 /* ModuleATests */ = {
			isa = PBXGroup;
			children = (
				F798EA0F28FD663800E85C87 /* ModuleATests.swift */,
			);
			path = ModuleATests;
			sourceTree = "<group>";
		};
		F798EA2728FD668600E85C87 /* ModuleAApp */ = {
			isa = PBXGroup;
			children = (
				F798EA2828FD668600E85C87 /* AppDelegate.swift */,
				F798EA3128FD668700E85C87 /* Assets.xcassets */,
				F798EA3328FD668700E85C87 /* LaunchScreen.storyboard */,
				F798EA3628FD668700E85C87 /* Info.plist */,
			);
			path = ModuleAApp;
			sourceTree = "<group>";
		};
		F798EA3E28FD668700E85C87 /* ModuleAAppTests */ = {
			isa = PBXGroup;
			children = (
				F798EA3F28FD668700E85C87 /* ModuleAAppTests.swift */,
			);
			path = ModuleAAppTests;
			sourceTree = "<group>";
		};
		F798EA4828FD668700E85C87 /* ModuleAAppUITests */ = {
			isa = PBXGroup;
			children = (
				F798EA4928FD668700E85C87 /* ModuleAAppUITests.swift */,
				F798EA4B28FD668700E85C87 /* ModuleAAppUITestsLaunchTests.swift */,
			);
			path = ModuleAAppUITests;
			sourceTree = "<group>";
		};
		F798EA5628FD66E200E85C87 /* Frameworks */ = {
			isa = PBXGroup;
			children = (
				939015E7AA71A2B6C3C31EF0 /* Pods_ModuleA.framework */,
				0BEF7BEB026F4F2FD3F20B42 /* Pods_ModuleA_ModuleAApp.framework */,
				4A752FD84AED8A52E0B18979 /* Pods_ModuleA_ModuleAApp_ModuleAAppUITests.framework */,
				3B62BA1E3D706C11A0D246C2 /* Pods_ModuleAAppTests.framework */,
			);
			name = Frameworks;
			sourceTree = "<group>";
		};
/* End PBXGroup section */

/* Begin PBXHeadersBuildPhase section */
		F798E9FD28FD663800E85C87 /* Headers */ = {
			isa = PBXHeadersBuildPhase;
			buildActionMask = 2147483647;
			files = (
				F798EA1128FD663800E85C87 /* ModuleA.h in Headers */,
			);
			runOnlyForDeploymentPostprocessing = 0;
		};
/* End PBXHeadersBuildPhase section */

/* Begin PBXNativeTarget section */
		F798EA0128FD663800E85C87 /* ModuleA */ = {
			isa = PBXNativeTarget;
			buildConfigurationList = F798EA1428FD663800E85C87 /* Build configuration list for PBXNativeTarget "ModuleA" */;
			buildPhases = (
				B128ED9A7169D15FA5BA22AE /* [CP] Check Pods Manifest.lock */,
				F798E9FD28FD663800E85C87 /* Headers */,
				F798E9FE28FD663800E85C87 /* Sources */,
				F798E9FF28FD663800E85C87 /* Frameworks */,
				F798EA0028FD663800E85C87 /* Resources */,
			);
			buildRules = (
			);
			dependencies = (
			);
			name = ModuleA;
			productName = ModuleA;
			productReference = F798EA0228FD663800E85C87 /* ModuleA.framework */;
			productType = "com.apple.product-type.framework";
		};
		F798EA0928FD663800E85C87 /* ModuleATests */ = {
			isa = PBXNativeTarget;
			buildConfigurationList = F798EA1728FD663800E85C87 /* Build configuration list for PBXNativeTarget "ModuleATests" */;
			buildPhases = (
				F798EA0628FD663800E85C87 /* Sources */,
				F798EA0728FD663800E85C87 /* Frameworks */,
				F798EA0828FD663800E85C87 /* Resources */,
			);
			buildRules = (
			);
			dependencies = (
				F798EA0D28FD663800E85C87 /* PBXTargetDependency */,
			);
			name = ModuleATests;
			productName = ModuleATests;
			productReference = F798EA0A28FD663800E85C87 /* ModuleATests.xctest */;
			productType = "com.apple.product-type.bundle.unit-test";
		};
		F798EA2528FD668600E85C87 /* ModuleAApp */ = {
			isa = PBXNativeTarget;
			buildConfigurationList = F798EA4D28FD668700E85C87 /* Build configuration list for PBXNativeTarget "ModuleAApp" */;
			buildPhases = (
				42F411CC54C1641B50F61392 /* [CP] Check Pods Manifest.lock */,
				F798EA2228FD668600E85C87 /* Sources */,
				F798EA2328FD668600E85C87 /* Frameworks */,
				F798EA2428FD668600E85C87 /* Resources */,
				80E7D5C203F183E54DB16E2F /* [CP] Embed Pods Frameworks */,
			);
			buildRules = (
			);
			dependencies = (
			);
			name = ModuleAApp;
			productName = ModuleAApp;
			productReference = F798EA2628FD668600E85C87 /* ModuleAApp.app */;
			productType = "com.apple.product-type.application";
		};
		F798EA3A28FD668700E85C87 /* ModuleAAppTests */ = {
			isa = PBXNativeTarget;
			buildConfigurationList = F798EA5028FD668700E85C87 /* Build configuration list for PBXNativeTarget "ModuleAAppTests" */;
			buildPhases = (
				11B1C71D64905D241FE127B2 /* [CP] Check Pods Manifest.lock */,
				F798EA3728FD668700E85C87 /* Sources */,
				F798EA3828FD668700E85C87 /* Frameworks */,
				F798EA3928FD668700E85C87 /* Resources */,
			);
			buildRules = (
			);
			dependencies = (
				F798EA3D28FD668700E85C87 /* PBXTargetDependency */,
			);
			name = ModuleAAppTests;
			productName = ModuleAAppTests;
			productReference = F798EA3B28FD668700E85C87 /* ModuleAAppTests.xctest */;
			productType = "com.apple.product-type.bundle.unit-test";
		};
		F798EA4428FD668700E85C87 /* ModuleAAppUITests */ = {
			isa = PBXNativeTarget;
			buildConfigurationList = F798EA5328FD668700E85C87 /* Build configuration list for PBXNativeTarget "ModuleAAppUITests" */;
			buildPhases = (
				B8B4B4450A1F3CBF707C6CB0 /* [CP] Check Pods Manifest.lock */,
				F798EA4128FD668700E85C87 /* Sources */,
				F798EA4228FD668700E85C87 /* Frameworks */,
				F798EA4328FD668700E85C87 /* Resources */,
				3083B493935C5AF3C9309D93 /* [CP] Embed Pods Frameworks */,
			);
			buildRules = (
			);
			dependencies = (
				F798EA4728FD668700E85C87 /* PBXTargetDependency */,
			);
			name = ModuleAAppUITests;
			productName = ModuleAAppUITests;
			productReference = F798EA4528FD668700E85C87 /* ModuleAAppUITests.xctest */;
			productType = "com.apple.product-type.bundle.ui-testing";
		};
/* End PBXNativeTarget section */

/* Begin PBXProject section */
		F798E9F928FD663800E85C87 /* Project object */ = {
			isa = PBXProject;
			attributes = {
				BuildIndependentTargetsInParallel = 1;
				LastSwiftUpdateCheck = 1340;
				LastUpgradeCheck = 1340;
				TargetAttributes = {
					F798EA0128FD663800E85C87 = {
						CreatedOnToolsVersion = 13.4.1;
						LastSwiftMigration = 1340;
					};
					F798EA0928FD663800E85C87 = {
						CreatedOnToolsVersion = 13.4.1;
					};
					F798EA2528FD668600E85C87 = {
						CreatedOnToolsVersion = 13.4.1;
					};
					F798EA3A28FD668700E85C87 = {
						CreatedOnToolsVersion = 13.4.1;
						TestTargetID = F798EA2528FD668600E85C87;
					};
					F798EA4428FD668700E85C87 = {
						CreatedOnToolsVersion = 13.4.1;
						TestTargetID = F798EA2528FD668600E85C87;
					};
				};
			};
			buildConfigurationList = F798E9FC28FD663800E85C87 /* Build configuration list for PBXProject "ModuleA" */;
			compatibilityVersion = "Xcode 13.0";
			developmentRegion = en;
			hasScannedForEncodings = 0;
			knownRegions = (
				en,
				Base,
			);
			mainGroup = F798E9F828FD663800E85C87;
			productRefGroup = F798EA0328FD663800E85C87 /* Products */;
			projectDirPath = "";
			projectRoot = "";
			targets = (
				F798EA0128FD663800E85C87 /* ModuleA */,
				F798EA0928FD663800E85C87 /* ModuleATests */,
				F798EA2528FD668600E85C87 /* ModuleAApp */,
				F798EA3A28FD668700E85C87 /* ModuleAAppTests */,
				F798EA4428FD668700E85C87 /* ModuleAAppUITests */,
			);
		};
/* End PBXProject section */

/* Begin PBXResourcesBuildPhase section */
		F798EA0028FD663800E85C87 /* Resources */ = {
			isa = PBXResourcesBuildPhase;
			buildActionMask = 2147483647;
			files = (
				F798EAC028FD6AF800E85C87 /* ModuleA.storyboard in Resources */,
				F798EA1D28FD665300E85C87 /* AViewController.xib in Resources */,
			);
			runOnlyForDeploymentPostprocessing = 0;
		};
		F798EA0828FD663800E85C87 /* Resources */ = {
			isa = PBXResourcesBuildPhase;
			buildActionMask = 2147483647;
			files = (
			);
			runOnlyForDeploymentPostprocessing = 0;
		};
		F798EA2428FD668600E85C87 /* Resources */ = {
			isa = PBXResourcesBuildPhase;
			buildActionMask = 2147483647;
			files = (
				F798EA3528FD668700E85C87 /* LaunchScreen.storyboard in Resources */,
				F798EA3228FD668700E85C87 /* Assets.xcassets in Resources */,
			);
			runOnlyForDeploymentPostprocessing = 0;
		};
		F798EA3928FD668700E85C87 /* Resources */ = {
			isa = PBXResourcesBuildPhase;
			buildActionMask = 2147483647;
			files = (
			);
			runOnlyForDeploymentPostprocessing = 0;
		};
		F798EA4328FD668700E85C87 /* Resources */ = {
			isa = PBXResourcesBuildPhase;
			buildActionMask = 2147483647;
			files = (
			);
			runOnlyForDeploymentPostprocessing = 0;
		};
/* End PBXResourcesBuildPhase section */

/* Begin PBXShellScriptBuildPhase section */
		11B1C71D64905D241FE127B2 /* [CP] Check Pods Manifest.lock */ = {
			isa = PBXShellScriptBuildPhase;
			buildActionMask = 2147483647;
			files = (
			);
			inputFileListPaths = (
			);
			inputPaths = (
				"${PODS_PODFILE_DIR_PATH}/Podfile.lock",
				"${PODS_ROOT}/Manifest.lock",
			);
			name = "[CP] Check Pods Manifest.lock";
			outputFileListPaths = (
			);
			outputPaths = (
				"$(DERIVED_FILE_DIR)/Pods-ModuleAAppTests-checkManifestLockResult.txt",
			);
			runOnlyForDeploymentPostprocessing = 0;
			shellPath = /bin/sh;
			shellScript = "diff \"${PODS_PODFILE_DIR_PATH}/Podfile.lock\" \"${PODS_ROOT}/Manifest.lock\" > /dev/null\nif [ $? != 0 ] ; then\n    # print error to STDERR\n    echo \"error: The sandbox is not in sync with the Podfile.lock. Run 'pod install' or update your CocoaPods installation.\" >&2\n    exit 1\nfi\n# This output is used by Xcode 'outputs' to avoid re-running this script phase.\necho \"SUCCESS\" > \"${SCRIPT_OUTPUT_FILE_0}\"\n";
			showEnvVarsInLog = 0;
		};
		3083B493935C5AF3C9309D93 /* [CP] Embed Pods Frameworks */ = {
			isa = PBXShellScriptBuildPhase;
			buildActionMask = 2147483647;
			files = (
			);
			inputFileListPaths = (
				"${PODS_ROOT}/Target Support Files/Pods-ModuleA-ModuleAApp-ModuleAAppUITests/Pods-ModuleA-ModuleAApp-ModuleAAppUITests-frameworks-${CONFIGURATION}-input-files.xcfilelist",
			);
			name = "[CP] Embed Pods Frameworks";
			outputFileListPaths = (
				"${PODS_ROOT}/Target Support Files/Pods-ModuleA-ModuleAApp-ModuleAAppUITests/Pods-ModuleA-ModuleAApp-ModuleAAppUITests-frameworks-${CONFIGURATION}-output-files.xcfilelist",
			);
			runOnlyForDeploymentPostprocessing = 0;
			shellPath = /bin/sh;
			shellScript = "\"${PODS_ROOT}/Target Support Files/Pods-ModuleA-ModuleAApp-ModuleAAppUITests/Pods-ModuleA-ModuleAApp-ModuleAAppUITests-frameworks.sh\"\n";
			showEnvVarsInLog = 0;
		};
		42F411CC54C1641B50F61392 /* [CP] Check Pods Manifest.lock */ = {
			isa = PBXShellScriptBuildPhase;
			buildActionMask = 2147483647;
			files = (
			);
			inputFileListPaths = (
			);
			inputPaths = (
				"${PODS_PODFILE_DIR_PATH}/Podfile.lock",
				"${PODS_ROOT}/Manifest.lock",
			);
			name = "[CP] Check Pods Manifest.lock";
			outputFileListPaths = (
			);
			outputPaths = (
				"$(DERIVED_FILE_DIR)/Pods-ModuleA-ModuleAApp-checkManifestLockResult.txt",
			);
			runOnlyForDeploymentPostprocessing = 0;
			shellPath = /bin/sh;
			shellScript = "diff \"${PODS_PODFILE_DIR_PATH}/Podfile.lock\" \"${PODS_ROOT}/Manifest.lock\" > /dev/null\nif [ $? != 0 ] ; then\n    # print error to STDERR\n    echo \"error: The sandbox is not in sync with the Podfile.lock. Run 'pod install' or update your CocoaPods installation.\" >&2\n    exit 1\nfi\n# This output is used by Xcode 'outputs' to avoid re-running this script phase.\necho \"SUCCESS\" > \"${SCRIPT_OUTPUT_FILE_0}\"\n";
			showEnvVarsInLog = 0;
		};
		80E7D5C203F183E54DB16E2F /* [CP] Embed Pods Frameworks */ = {
			isa = PBXShellScriptBuildPhase;
			buildActionMask = 2147483647;
			files = (
			);
			inputFileListPaths = (
				"${PODS_ROOT}/Target Support Files/Pods-ModuleA-ModuleAApp/Pods-ModuleA-ModuleAApp-frameworks-${CONFIGURATION}-input-files.xcfilelist",
			);
			name = "[CP] Embed Pods Frameworks";
			outputFileListPaths = (
				"${PODS_ROOT}/Target Support Files/Pods-ModuleA-ModuleAApp/Pods-ModuleA-ModuleAApp-frameworks-${CONFIGURATION}-output-files.xcfilelist",
			);
			runOnlyForDeploymentPostprocessing = 0;
			shellPath = /bin/sh;
			shellScript = "\"${PODS_ROOT}/Target Support Files/Pods-ModuleA-ModuleAApp/Pods-ModuleA-ModuleAApp-frameworks.sh\"\n";
			showEnvVarsInLog = 0;
		};
		B128ED9A7169D15FA5BA22AE /* [CP] Check Pods Manifest.lock */ = {
			isa = PBXShellScriptBuildPhase;
			buildActionMask = 2147483647;
			files = (
			);
			inputFileListPaths = (
			);
			inputPaths = (
				"${PODS_PODFILE_DIR_PATH}/Podfile.lock",
				"${PODS_ROOT}/Manifest.lock",
			);
			name = "[CP] Check Pods Manifest.lock";
			outputFileListPaths = (
			);
			outputPaths = (
				"$(DERIVED_FILE_DIR)/Pods-ModuleA-checkManifestLockResult.txt",
			);
			runOnlyForDeploymentPostprocessing = 0;
			shellPath = /bin/sh;
			shellScript = "diff \"${PODS_PODFILE_DIR_PATH}/Podfile.lock\" \"${PODS_ROOT}/Manifest.lock\" > /dev/null\nif [ $? != 0 ] ; then\n    # print error to STDERR\n    echo \"error: The sandbox is not in sync with the Podfile.lock. Run 'pod install' or update your CocoaPods installation.\" >&2\n    exit 1\nfi\n# This output is used by Xcode 'outputs' to avoid re-running this script phase.\necho \"SUCCESS\" > \"${SCRIPT_OUTPUT_FILE_0}\"\n";
			showEnvVarsInLog = 0;
		};
		B8B4B4450A1F3CBF707C6CB0 /* [CP] Check Pods Manifest.lock */ = {
			isa = PBXShellScriptBuildPhase;
			buildActionMask = 2147483647;
			files = (
			);
			inputFileListPaths = (
			);
			inputPaths = (
				"${PODS_PODFILE_DIR_PATH}/Podfile.lock",
				"${PODS_ROOT}/Manifest.lock",
			);
			name = "[CP] Check Pods Manifest.lock";
			outputFileListPaths = (
			);
			outputPaths = (
				"$(DERIVED_FILE_DIR)/Pods-ModuleA-ModuleAApp-ModuleAAppUITests-checkManifestLockResult.txt",
			);
			runOnlyForDeploymentPostprocessing = 0;
			shellPath = /bin/sh;
			shellScript = "diff \"${PODS_PODFILE_DIR_PATH}/Podfile.lock\" \"${PODS_ROOT}/Manifest.lock\" > /dev/null\nif [ $? != 0 ] ; then\n    # print error to STDERR\n    echo \"error: The sandbox is not in sync with the Podfile.lock. Run 'pod install' or update your CocoaPods installation.\" >&2\n    exit 1\nfi\n# This output is used by Xcode 'outputs' to avoid re-running this script phase.\necho \"SUCCESS\" > \"${SCRIPT_OUTPUT_FILE_0}\"\n";
			showEnvVarsInLog = 0;
		};
/* End PBXShellScriptBuildPhase section */

/* Begin PBXSourcesBuildPhase section */
		F798E9FE28FD663800E85C87 /* Sources */ = {
			isa = PBXSourcesBuildPhase;
			buildActionMask = 2147483647;
			files = (
				F798EA1C28FD665300E85C87 /* AViewController.swift in Sources */,
			);
			runOnlyForDeploymentPostprocessing = 0;
		};
		F798EA0628FD663800E85C87 /* Sources */ = {
			isa = PBXSourcesBuildPhase;
			buildActionMask = 2147483647;
			files = (
				F798EA1028FD663800E85C87 /* ModuleATests.swift in Sources */,
			);
			runOnlyForDeploymentPostprocessing = 0;
		};
		F798EA2228FD668600E85C87 /* Sources */ = {
			isa = PBXSourcesBuildPhase;
			buildActionMask = 2147483647;
			files = (
				F798EA2928FD668600E85C87 /* AppDelegate.swift in Sources */,
			);
			runOnlyForDeploymentPostprocessing = 0;
		};
		F798EA3728FD668700E85C87 /* Sources */ = {
			isa = PBXSourcesBuildPhase;
			buildActionMask = 2147483647;
			files = (
				F798EA4028FD668700E85C87 /* ModuleAAppTests.swift in Sources */,
			);
			runOnlyForDeploymentPostprocessing = 0;
		};
		F798EA4128FD668700E85C87 /* Sources */ = {
			isa = PBXSourcesBuildPhase;
			buildActionMask = 2147483647;
			files = (
				F798EA4C28FD668700E85C87 /* ModuleAAppUITestsLaunchTests.swift in Sources */,
				F798EA4A28FD668700E85C87 /* ModuleAAppUITests.swift in Sources */,
			);
			runOnlyForDeploymentPostprocessing = 0;
		};
/* End PBXSourcesBuildPhase section */

/* Begin PBXTargetDependency section */
		F798EA0D28FD663800E85C87 /* PBXTargetDependency */ = {
			isa = PBXTargetDependency;
			target = F798EA0128FD663800E85C87 /* ModuleA */;
			targetProxy = F798EA0C28FD663800E85C87 /* PBXContainerItemProxy */;
		};
		F798EA3D28FD668700E85C87 /* PBXTargetDependency */ = {
			isa = PBXTargetDependency;
			target = F798EA2528FD668600E85C87 /* ModuleAApp */;
			targetProxy = F798EA3C28FD668700E85C87 /* PBXContainerItemProxy */;
		};
		F798EA4728FD668700E85C87 /* PBXTargetDependency */ = {
			isa = PBXTargetDependency;
			target = F798EA2528FD668600E85C87 /* ModuleAApp */;
			targetProxy = F798EA4628FD668700E85C87 /* PBXContainerItemProxy */;
		};
/* End PBXTargetDependency section */

/* Begin PBXVariantGroup section */
		F798EA3328FD668700E85C87 /* LaunchScreen.storyboard */ = {
			isa = PBXVariantGroup;
			children = (
				F798EA3428FD668700E85C87 /* Base */,
			);
			name = LaunchScreen.storyboard;
			sourceTree = "<group>";
		};
/* End PBXVariantGroup section */

/* Begin XCBuildConfiguration section */
		F798EA1228FD663800E85C87 /* Debug */ = {
			isa = XCBuildConfiguration;
			buildSettings = {
				ALWAYS_SEARCH_USER_PATHS = NO;
				CLANG_ANALYZER_NONNULL = YES;
				CLANG_ANALYZER_NUMBER_OBJECT_CONVERSION = YES_AGGRESSIVE;
				CLANG_CXX_LANGUAGE_STANDARD = "gnu++17";
				CLANG_ENABLE_MODULES = YES;
				CLANG_ENABLE_OBJC_ARC = YES;
				CLANG_ENABLE_OBJC_WEAK = YES;
				CLANG_WARN_BLOCK_CAPTURE_AUTORELEASING = YES;
				CLANG_WARN_BOOL_CONVERSION = YES;
				CLANG_WARN_COMMA = YES;
				CLANG_WARN_CONSTANT_CONVERSION = YES;
				CLANG_WARN_DEPRECATED_OBJC_IMPLEMENTATIONS = YES;
				CLANG_WARN_DIRECT_OBJC_ISA_USAGE = YES_ERROR;
				CLANG_WARN_DOCUMENTATION_COMMENTS = YES;
				CLANG_WARN_EMPTY_BODY = YES;
				CLANG_WARN_ENUM_CONVERSION = YES;
				CLANG_WARN_INFINITE_RECURSION = YES;
				CLANG_WARN_INT_CONVERSION = YES;
				CLANG_WARN_NON_LITERAL_NULL_CONVERSION = YES;
				CLANG_WARN_OBJC_IMPLICIT_RETAIN_SELF = YES;
				CLANG_WARN_OBJC_LITERAL_CONVERSION = YES;
				CLANG_WARN_OBJC_ROOT_CLASS = YES_ERROR;
				CLANG_WARN_QUOTED_INCLUDE_IN_FRAMEWORK_HEADER = YES;
				CLANG_WARN_RANGE_LOOP_ANALYSIS = YES;
				CLANG_WARN_STRICT_PROTOTYPES = YES;
				CLANG_WARN_SUSPICIOUS_MOVE = YES;
				CLANG_WARN_UNGUARDED_AVAILABILITY = YES_AGGRESSIVE;
				CLANG_WARN_UNREACHABLE_CODE = YES;
				CLANG_WARN__DUPLICATE_METHOD_MATCH = YES;
				COPY_PHASE_STRIP = NO;
				CURRENT_PROJECT_VERSION = 1;
				DEBUG_INFORMATION_FORMAT = dwarf;
				ENABLE_STRICT_OBJC_MSGSEND = YES;
				ENABLE_TESTABILITY = YES;
				GCC_C_LANGUAGE_STANDARD = gnu11;
				GCC_DYNAMIC_NO_PIC = NO;
				GCC_NO_COMMON_BLOCKS = YES;
				GCC_OPTIMIZATION_LEVEL = 0;
				GCC_PREPROCESSOR_DEFINITIONS = (
					"DEBUG=1",
					"$(inherited)",
				);
				GCC_WARN_64_TO_32_BIT_CONVERSION = YES;
				GCC_WARN_ABOUT_RETURN_TYPE = YES_ERROR;
				GCC_WARN_UNDECLARED_SELECTOR = YES;
				GCC_WARN_UNINITIALIZED_AUTOS = YES_AGGRESSIVE;
				GCC_WARN_UNUSED_FUNCTION = YES;
				GCC_WARN_UNUSED_VARIABLE = YES;
				IPHONEOS_DEPLOYMENT_TARGET = 15.5;
				MTL_ENABLE_DEBUG_INFO = INCLUDE_SOURCE;
				MTL_FAST_MATH = YES;
				ONLY_ACTIVE_ARCH = YES;
				SDKROOT = iphoneos;
				SWIFT_ACTIVE_COMPILATION_CONDITIONS = DEBUG;
				SWIFT_OPTIMIZATION_LEVEL = "-Onone";
				VERSIONING_SYSTEM = "apple-generic";
				VERSION_INFO_PREFIX = "";
			};
			name = Debug;
		};
		F798EA1328FD663800E85C87 /* Release */ = {
			isa = XCBuildConfiguration;
			buildSettings = {
				ALWAYS_SEARCH_USER_PATHS = NO;
				CLANG_ANALYZER_NONNULL = YES;
				CLANG_ANALYZER_NUMBER_OBJECT_CONVERSION = YES_AGGRESSIVE;
				CLANG_CXX_LANGUAGE_STANDARD = "gnu++17";
				CLANG_ENABLE_MODULES = YES;
				CLANG_ENABLE_OBJC_ARC = YES;
				CLANG_ENABLE_OBJC_WEAK = YES;
				CLANG_WARN_BLOCK_CAPTURE_AUTORELEASING = YES;
				CLANG_WARN_BOOL_CONVERSION = YES;
				CLANG_WARN_COMMA = YES;
				CLANG_WARN_CONSTANT_CONVERSION = YES;
				CLANG_WARN_DEPRECATED_OBJC_IMPLEMENTATIONS = YES;
				CLANG_WARN_DIRECT_OBJC_ISA_USAGE = YES_ERROR;
				CLANG_WARN_DOCUMENTATION_COMMENTS = YES;
				CLANG_WARN_EMPTY_BODY = YES;
				CLANG_WARN_ENUM_CONVERSION = YES;
				CLANG_WARN_INFINITE_RECURSION = YES;
				CLANG_WARN_INT_CONVERSION = YES;
				CLANG_WARN_NON_LITERAL_NULL_CONVERSION = YES;
				CLANG_WARN_OBJC_IMPLICIT_RETAIN_SELF = YES;
				CLANG_WARN_OBJC_LITERAL_CONVERSION = YES;
				CLANG_WARN_OBJC_ROOT_CLASS = YES_ERROR;
				CLANG_WARN_QUOTED_INCLUDE_IN_FRAMEWORK_HEADER = YES;
				CLANG_WARN_RANGE_LOOP_ANALYSIS = YES;
				CLANG_WARN_STRICT_PROTOTYPES = YES;
				CLANG_WARN_SUSPICIOUS_MOVE = YES;
				CLANG_WARN_UNGUARDED_AVAILABILITY = YES_AGGRESSIVE;
				CLANG_WARN_UNREACHABLE_CODE = YES;
				CLANG_WARN__DUPLICATE_METHOD_MATCH = YES;
				COPY_PHASE_STRIP = NO;
				CURRENT_PROJECT_VERSION = 1;
				DEBUG_INFORMATION_FORMAT = "dwarf-with-dsym";
				ENABLE_NS_ASSERTIONS = NO;
				ENABLE_STRICT_OBJC_MSGSEND = YES;
				GCC_C_LANGUAGE_STANDARD = gnu11;
				GCC_NO_COMMON_BLOCKS = YES;
				GCC_WARN_64_TO_32_BIT_CONVERSION = YES;
				GCC_WARN_ABOUT_RETURN_TYPE = YES_ERROR;
				GCC_WARN_UNDECLARED_SELECTOR = YES;
				GCC_WARN_UNINITIALIZED_AUTOS = YES_AGGRESSIVE;
				GCC_WARN_UNUSED_FUNCTION = YES;
				GCC_WARN_UNUSED_VARIABLE = YES;
				IPHONEOS_DEPLOYMENT_TARGET = 15.5;
				MTL_ENABLE_DEBUG_INFO = NO;
				MTL_FAST_MATH = YES;
				SDKROOT = iphoneos;
				SWIFT_COMPILATION_MODE = wholemodule;
				SWIFT_OPTIMIZATION_LEVEL = "-O";
				VALIDATE_PRODUCT = YES;
				VERSIONING_SYSTEM = "apple-generic";
				VERSION_INFO_PREFIX = "";
			};
			name = Release;
		};
		F798EA1528FD663800E85C87 /* Debug */ = {
			isa = XCBuildConfiguration;
			baseConfigurationReference = 3E4295B2A32CC1488A391FBD /* Pods-ModuleA.debug.xcconfig */;
			buildSettings = {
				CLANG_ENABLE_MODULES = YES;
				CODE_SIGN_STYLE = Automatic;
				CURRENT_PROJECT_VERSION = 1;
				DEFINES_MODULE = YES;
				DEVELOPMENT_TEAM = NQ3UN732U9;
				DYLIB_COMPATIBILITY_VERSION = 1;
				DYLIB_CURRENT_VERSION = 1;
				DYLIB_INSTALL_NAME_BASE = "@rpath";
				GENERATE_INFOPLIST_FILE = YES;
				INFOPLIST_KEY_NSHumanReadableCopyright = "";
				INSTALL_PATH = "$(LOCAL_LIBRARY_DIR)/Frameworks";
				LD_RUNPATH_SEARCH_PATHS = (
					"$(inherited)",
					"@executable_path/Frameworks",
					"@loader_path/Frameworks",
				);
				MARKETING_VERSION = 1.0;
				PRODUCT_BUNDLE_IDENTIFIER = com.ko.ModuleA;
				PRODUCT_NAME = "$(TARGET_NAME:c99extidentifier)";
				SKIP_INSTALL = YES;
				SWIFT_EMIT_LOC_STRINGS = YES;
				SWIFT_OPTIMIZATION_LEVEL = "-Onone";
				SWIFT_VERSION = 5.0;
				TARGETED_DEVICE_FAMILY = "1,2";
			};
			name = Debug;
		};
		F798EA1628FD663800E85C87 /* Release */ = {
			isa = XCBuildConfiguration;
			baseConfigurationReference = B3CBA2A2EC0D340AD2A83802 /* Pods-ModuleA.release.xcconfig */;
			buildSettings = {
				CLANG_ENABLE_MODULES = YES;
				CODE_SIGN_STYLE = Automatic;
				CURRENT_PROJECT_VERSION = 1;
				DEFINES_MODULE = YES;
				DEVELOPMENT_TEAM = NQ3UN732U9;
				DYLIB_COMPATIBILITY_VERSION = 1;
				DYLIB_CURRENT_VERSION = 1;
				DYLIB_INSTALL_NAME_BASE = "@rpath";
				GENERATE_INFOPLIST_FILE = YES;
				INFOPLIST_KEY_NSHumanReadableCopyright = "";
				INSTALL_PATH = "$(LOCAL_LIBRARY_DIR)/Frameworks";
				LD_RUNPATH_SEARCH_PATHS = (
					"$(inherited)",
					"@executable_path/Frameworks",
					"@loader_path/Frameworks",
				);
				MARKETING_VERSION = 1.0;
				PRODUCT_BUNDLE_IDENTIFIER = com.ko.ModuleA;
				PRODUCT_NAME = "$(TARGET_NAME:c99extidentifier)";
				SKIP_INSTALL = YES;
				SWIFT_EMIT_LOC_STRINGS = YES;
				SWIFT_VERSION = 5.0;
				TARGETED_DEVICE_FAMILY = "1,2";
			};
			name = Release;
		};
		F798EA1828FD663800E85C87 /* Debug */ = {
			isa = XCBuildConfiguration;
			buildSettings = {
				ALWAYS_EMBED_SWIFT_STANDARD_LIBRARIES = YES;
				CODE_SIGN_STYLE = Automatic;
				CURRENT_PROJECT_VERSION = 1;
				DEVELOPMENT_TEAM = NQ3UN732U9;
				GENERATE_INFOPLIST_FILE = YES;
				MARKETING_VERSION = 1.0;
				PRODUCT_BUNDLE_IDENTIFIER = com.ko.ModuleATests;
				PRODUCT_NAME = "$(TARGET_NAME)";
				SWIFT_EMIT_LOC_STRINGS = NO;
				SWIFT_VERSION = 5.0;
				TARGETED_DEVICE_FAMILY = "1,2";
			};
			name = Debug;
		};
		F798EA1928FD663800E85C87 /* Release */ = {
			isa = XCBuildConfiguration;
			buildSettings = {
				ALWAYS_EMBED_SWIFT_STANDARD_LIBRARIES = YES;
				CODE_SIGN_STYLE = Automatic;
				CURRENT_PROJECT_VERSION = 1;
				DEVELOPMENT_TEAM = NQ3UN732U9;
				GENERATE_INFOPLIST_FILE = YES;
				MARKETING_VERSION = 1.0;
				PRODUCT_BUNDLE_IDENTIFIER = com.ko.ModuleATests;
				PRODUCT_NAME = "$(TARGET_NAME)";
				SWIFT_EMIT_LOC_STRINGS = NO;
				SWIFT_VERSION = 5.0;
				TARGETED_DEVICE_FAMILY = "1,2";
			};
			name = Release;
		};
		F798EA4E28FD668700E85C87 /* Debug */ = {
			isa = XCBuildConfiguration;
			baseConfigurationReference = 6E79F756DFF695524994B851 /* Pods-ModuleA-ModuleAApp.debug.xcconfig */;
			buildSettings = {
				ASSETCATALOG_COMPILER_APPICON_NAME = AppIcon;
				ASSETCATALOG_COMPILER_GLOBAL_ACCENT_COLOR_NAME = AccentColor;
				CODE_SIGN_STYLE = Automatic;
				CURRENT_PROJECT_VERSION = 1;
				DEVELOPMENT_TEAM = NQ3UN732U9;
				GENERATE_INFOPLIST_FILE = YES;
				INFOPLIST_FILE = ModuleAApp/Info.plist;
				INFOPLIST_KEY_UIApplicationSupportsIndirectInputEvents = YES;
				INFOPLIST_KEY_UILaunchStoryboardName = LaunchScreen;
				INFOPLIST_KEY_UISupportedInterfaceOrientations_iPad = "UIInterfaceOrientationPortrait UIInterfaceOrientationPortraitUpsideDown UIInterfaceOrientationLandscapeLeft UIInterfaceOrientationLandscapeRight";
				INFOPLIST_KEY_UISupportedInterfaceOrientations_iPhone = "UIInterfaceOrientationPortrait UIInterfaceOrientationLandscapeLeft UIInterfaceOrientationLandscapeRight";
				LD_RUNPATH_SEARCH_PATHS = (
					"$(inherited)",
					"@executable_path/Frameworks",
				);
				MARKETING_VERSION = 1.0;
				PRODUCT_BUNDLE_IDENTIFIER = com.ko.ModuleAApp;
				PRODUCT_NAME = "$(TARGET_NAME)";
				SWIFT_EMIT_LOC_STRINGS = YES;
				SWIFT_VERSION = 5.0;
				TARGETED_DEVICE_FAMILY = "1,2";
			};
			name = Debug;
		};
		F798EA4F28FD668700E85C87 /* Release */ = {
			isa = XCBuildConfiguration;
			baseConfigurationReference = C6BB3172095C69D89AD95B0E /* Pods-ModuleA-ModuleAApp.release.xcconfig */;
			buildSettings = {
				ASSETCATALOG_COMPILER_APPICON_NAME = AppIcon;
				ASSETCATALOG_COMPILER_GLOBAL_ACCENT_COLOR_NAME = AccentColor;
				CODE_SIGN_STYLE = Automatic;
				CURRENT_PROJECT_VERSION = 1;
				DEVELOPMENT_TEAM = NQ3UN732U9;
				GENERATE_INFOPLIST_FILE = YES;
				INFOPLIST_FILE = ModuleAApp/Info.plist;
				INFOPLIST_KEY_UIApplicationSupportsIndirectInputEvents = YES;
				INFOPLIST_KEY_UILaunchStoryboardName = LaunchScreen;
				INFOPLIST_KEY_UISupportedInterfaceOrientations_iPad = "UIInterfaceOrientationPortrait UIInterfaceOrientationPortraitUpsideDown UIInterfaceOrientationLandscapeLeft UIInterfaceOrientationLandscapeRight";
				INFOPLIST_KEY_UISupportedInterfaceOrientations_iPhone = "UIInterfaceOrientationPortrait UIInterfaceOrientationLandscapeLeft UIInterfaceOrientationLandscapeRight";
				LD_RUNPATH_SEARCH_PATHS = (
					"$(inherited)",
					"@executable_path/Frameworks",
				);
				MARKETING_VERSION = 1.0;
				PRODUCT_BUNDLE_IDENTIFIER = com.ko.ModuleAApp;
				PRODUCT_NAME = "$(TARGET_NAME)";
				SWIFT_EMIT_LOC_STRINGS = YES;
				SWIFT_VERSION = 5.0;
				TARGETED_DEVICE_FAMILY = "1,2";
			};
			name = Release;
		};
		F798EA5128FD668700E85C87 /* Debug */ = {
			isa = XCBuildConfiguration;
			baseConfigurationReference = 06B4BA1567AB4C95B2633A28 /* Pods-ModuleAAppTests.debug.xcconfig */;
			buildSettings = {
				ALWAYS_EMBED_SWIFT_STANDARD_LIBRARIES = YES;
				BUNDLE_LOADER = "$(TEST_HOST)";
				CODE_SIGN_STYLE = Automatic;
				CURRENT_PROJECT_VERSION = 1;
				DEVELOPMENT_TEAM = NQ3UN732U9;
				GENERATE_INFOPLIST_FILE = YES;
				IPHONEOS_DEPLOYMENT_TARGET = 15.5;
				MARKETING_VERSION = 1.0;
				PRODUCT_BUNDLE_IDENTIFIER = com.ko.ModuleAAppTests;
				PRODUCT_NAME = "$(TARGET_NAME)";
				SWIFT_EMIT_LOC_STRINGS = NO;
				SWIFT_VERSION = 5.0;
				TARGETED_DEVICE_FAMILY = "1,2";
				TEST_HOST = "$(BUILT_PRODUCTS_DIR)/ModuleAApp.app/ModuleAApp";
			};
			name = Debug;
		};
		F798EA5228FD668700E85C87 /* Release */ = {
			isa = XCBuildConfiguration;
			baseConfigurationReference = 18C9D8110F58AC6CB6A52ACE /* Pods-ModuleAAppTests.release.xcconfig */;
			buildSettings = {
				ALWAYS_EMBED_SWIFT_STANDARD_LIBRARIES = YES;
				BUNDLE_LOADER = "$(TEST_HOST)";
				CODE_SIGN_STYLE = Automatic;
				CURRENT_PROJECT_VERSION = 1;
				DEVELOPMENT_TEAM = NQ3UN732U9;
				GENERATE_INFOPLIST_FILE = YES;
				IPHONEOS_DEPLOYMENT_TARGET = 15.5;
				MARKETING_VERSION = 1.0;
				PRODUCT_BUNDLE_IDENTIFIER = com.ko.ModuleAAppTests;
				PRODUCT_NAME = "$(TARGET_NAME)";
				SWIFT_EMIT_LOC_STRINGS = NO;
				SWIFT_VERSION = 5.0;
				TARGETED_DEVICE_FAMILY = "1,2";
				TEST_HOST = "$(BUILT_PRODUCTS_DIR)/ModuleAApp.app/ModuleAApp";
			};
			name = Release;
		};
		F798EA5428FD668700E85C87 /* Debug */ = {
			isa = XCBuildConfiguration;
			baseConfigurationReference = 5A1CE42B9123B12E5D782DD9 /* Pods-ModuleA-ModuleAApp-ModuleAAppUITests.debug.xcconfig */;
			buildSettings = {
				ALWAYS_EMBED_SWIFT_STANDARD_LIBRARIES = YES;
				CODE_SIGN_STYLE = Automatic;
				CURRENT_PROJECT_VERSION = 1;
				DEVELOPMENT_TEAM = NQ3UN732U9;
				GENERATE_INFOPLIST_FILE = YES;
				MARKETING_VERSION = 1.0;
				PRODUCT_BUNDLE_IDENTIFIER = com.ko.ModuleAAppUITests;
				PRODUCT_NAME = "$(TARGET_NAME)";
				SWIFT_EMIT_LOC_STRINGS = NO;
				SWIFT_VERSION = 5.0;
				TARGETED_DEVICE_FAMILY = "1,2";
				TEST_TARGET_NAME = ModuleAApp;
			};
			name = Debug;
		};
		F798EA5528FD668700E85C87 /* Release */ = {
			isa = XCBuildConfiguration;
			baseConfigurationReference = E73B109FFE80073CF3F3390C /* Pods-ModuleA-ModuleAApp-ModuleAAppUITests.release.xcconfig */;
			buildSettings = {
				ALWAYS_EMBED_SWIFT_STANDARD_LIBRARIES = YES;
				CODE_SIGN_STYLE = Automatic;
				CURRENT_PROJECT_VERSION = 1;
				DEVELOPMENT_TEAM = NQ3UN732U9;
				GENERATE_INFOPLIST_FILE = YES;
				MARKETING_VERSION = 1.0;
				PRODUCT_BUNDLE_IDENTIFIER = com.ko.ModuleAAppUITests;
				PRODUCT_NAME = "$(TARGET_NAME)";
				SWIFT_EMIT_LOC_STRINGS = NO;
				SWIFT_VERSION = 5.0;
				TARGETED_DEVICE_FAMILY = "1,2";
				TEST_TARGET_NAME = ModuleAApp;
			};
			name = Release;
		};
/* End XCBuildConfiguration section */

/* Begin XCConfigurationList section */
		F798E9FC28FD663800E85C87 /* Build configuration list for PBXProject "ModuleA" */ = {
			isa = XCConfigurationList;
			buildConfigurations = (
				F798EA1228FD663800E85C87 /* Debug */,
				F798EA1328FD663800E85C87 /* Release */,
			);
			defaultConfigurationIsVisible = 0;
			defaultConfigurationName = Release;
		};
		F798EA1428FD663800E85C87 /* Build configuration list for PBXNativeTarget "ModuleA" */ = {
			isa = XCConfigurationList;
			buildConfigurations = (
				F798EA1528FD663800E85C87 /* Debug */,
				F798EA1628FD663800E85C87 /* Release */,
			);
			defaultConfigurationIsVisible = 0;
			defaultConfigurationName = Release;
		};
		F798EA1728FD663800E85C87 /* Build configuration list for PBXNativeTarget "ModuleATests" */ = {
			isa = XCConfigurationList;
			buildConfigurations = (
				F798EA1828FD663800E85C87 /* Debug */,
				F798EA1928FD663800E85C87 /* Release */,
			);
			defaultConfigurationIsVisible = 0;
			defaultConfigurationName = Release;
		};
		F798EA4D28FD668700E85C87 /* Build configuration list for PBXNativeTarget "ModuleAApp" */ = {
			isa = XCConfigurationList;
			buildConfigurations = (
				F798EA4E28FD668700E85C87 /* Debug */,
				F798EA4F28FD668700E85C87 /* Release */,
			);
			defaultConfigurationIsVisible = 0;
			defaultConfigurationName = Release;
		};
		F798EA5028FD668700E85C87 /* Build configuration list for PBXNativeTarget "ModuleAAppTests" */ = {
			isa = XCConfigurationList;
			buildConfigurations = (
				F798EA5128FD668700E85C87 /* Debug */,
				F798EA5228FD668700E85C87 /* Release */,
			);
			defaultConfigurationIsVisible = 0;
			defaultConfigurationName = Release;
		};
		F798EA5328FD668700E85C87 /* Build configuration list for PBXNativeTarget "ModuleAAppUITests" */ = {
			isa = XCConfigurationList;
			buildConfigurations = (
				F798EA5428FD668700E85C87 /* Debug */,
				F798EA5528FD668700E85C87 /* Release */,
			);
			defaultConfigurationIsVisible = 0;
			defaultConfigurationName = Release;
		};
/* End XCConfigurationList section */
	};
	rootObject = F798E9F928FD663800E85C87 /* Project object */;
}
